
Microsoft Visual Studio Solution File, Format Version 12.00
# Visual Studio 15
VisualStudioVersion = 15.0.28010.2026
MinimumVisualStudioVersion = 10.0.40219.1
Project("{FAE04EC0-301F-11D3-BF4B-00C04F79EFBC}") = "TravelRecordApp.Android", "TravelRecordApp\TravelRecordApp.Android\TravelRecordApp.Android.csproj", "{EB07AA4C-2D24-4B00-AD4E-02BBDB3FE7A3}"
EndProject
Project("{FAE04EC0-301F-11D3-BF4B-00C04F79EFBC}") = "TravelRecordApp.iOS", "TravelRecordApp\TravelRecordApp.iOS\TravelRecordApp.iOS.csproj", "{99955368-0331-488A-B9BB-6B42EA8ADEF1}"
EndProject
Project("{FAE04EC0-301F-11D3-BF4B-00C04F79EFBC}") = "TravelRecordApp", "TravelRecordApp\TravelRecordApp\TravelRecordApp.csproj", "{FF1FA140-DDE9-4828-9795-B76527BC6DDC}"
EndProject
Global
	GlobalSection(SolutionConfigurationPlatforms) = preSolution
		Ad-Hoc|Any CPU = Ad-Hoc|Any CPU
		Ad-Hoc|iPhone = Ad-Hoc|iPhone
		Ad-Hoc|iPhoneSimulator = Ad-Hoc|iPhoneSimulator
		AppStore|Any CPU = AppStore|Any CPU
		AppStore|iPhone = AppStore|iPhone
		AppStore|iPhoneSimulator = AppStore|iPhoneSimulator
		Debug|Any CPU = Debug|Any CPU
		Debug|iPhone = Debug|iPhone
		Debug|iPhoneSimulator = Debug|iPhoneSimulator
		Release|Any CPU = Release|Any CPU
		Release|iPhone = Release|iPhone
		Release|iPhoneSimulator = Release|iPhoneSimulator
	EndGlobalSection
	GlobalSection(ProjectConfigurationPlatforms) = postSolution
		{EB07AA4C-2D24-4B00-AD4E-02BBDB3FE7A3}.Ad-Hoc|Any CPU.ActiveCfg = Release|Any CPU
		{EB07AA4C-2D24-4B00-AD4E-02BBDB3FE7A3}.Ad-Hoc|Any CPU.Build.0 = Release|Any CPU
		{EB07AA4C-2D24-4B00-AD4E-02BBDB3FE7A3}.Ad-Hoc|Any CPU.Deploy.0 = Release|Any CPU
		{EB07AA4C-2D24-4B00-AD4E-02BBDB3FE7A3}.Ad-Hoc|iPhone.ActiveCfg = Release|Any CPU
		{EB07AA4C-2D24-4B00-AD4E-02BBDB3FE7A3}.Ad-Hoc|iPhone.Build.0 = Release|Any CPU
		{EB07AA4C-2D24-4B00-AD4E-02BBDB3FE7A3}.Ad-Hoc|iPhone.Deploy.0 = Release|Any CPU
		{EB07AA4C-2D24-4B00-AD4E-02BBDB3FE7A3}.Ad-Hoc|iPhoneSimulator.ActiveCfg = Release|Any CPU
		{EB07AA4C-2D24-4B00-AD4E-02BBDB3FE7A3}.Ad-Hoc|iPhoneSimulator.Build.0 = Release|Any CPU
		{EB07AA4C-2D24-4B00-AD4E-02BBDB3FE7A3}.Ad-Hoc|iPhoneSimulator.Deploy.0 = Release|Any CPU
		{EB07AA4C-2D24-4B00-AD4E-02BBDB3FE7A3}.AppStore|Any CPU.ActiveCfg = Release|Any CPU
		{EB07AA4C-2D24-4B00-AD4E-02BBDB3FE7A3}.AppStore|Any CPU.Build.0 = Release|Any CPU
		{EB07AA4C-2D24-4B00-AD4E-02BBDB3FE7A3}.AppStore|Any CPU.Deploy.0 = Release|Any CPU
		{EB07AA4C-2D24-4B00-AD4E-02BBDB3FE7A3}.AppStore|iPhone.ActiveCfg = Release|Any CPU
		{EB07AA4C-2D24-4B00-AD4E-02BBDB3FE7A3}.AppStore|iPhone.Build.0 = Release|Any CPU
		{EB07AA4C-2D24-4B00-AD4E-02BBDB3FE7A3}.AppStore|iPhone.Deploy.0 = Release|Any CPU
		{EB07AA4C-2D24-4B00-AD4E-02BBDB3FE7A3}.AppStore|iPhoneSimulator.ActiveCfg = Release|Any CPU
		{EB07AA4C-2D24-4B00-AD4E-02BBDB3FE7A3}.AppStore|iPhoneSimulator.Build.0 = Release|Any CPU
		{EB07AA4C-2D24-4B00-AD4E-02BBDB3FE7A3}.AppStore|iPhoneSimulator.Deploy.0 = Release|Any CPU
		{EB07AA4C-2D24-4B00-AD4E-02BBDB3FE7A3}.Debug|Any CPU.ActiveCfg = Debug|Any CPU
		{EB07AA4C-2D24-4B00-AD4E-02BBDB3FE7A3}.Debug|Any CPU.Build.0 = Debug|Any CPU
		{EB07AA4C-2D24-4B00-AD4E-02BBDB3FE7A3}.Debug|Any CPU.Deploy.0 = Debug|Any CPU
		{EB07AA4C-2D24-4B00-AD4E-02BBDB3FE7A3}.Debug|iPhone.ActiveCfg = Debug|Any CPU
		{EB07AA4C-2D24-4B00-AD4E-02BBDB3FE7A3}.Debug|iPhone.Build.0 = Debug|Any CPU
		{EB07AA4C-2D24-4B00-AD4E-02BBDB3FE7A3}.Debug|iPhone.Deploy.0 = Debug|Any CPU
		{EB07AA4C-2D24-4B00-AD4E-02BBDB3FE7A3}.Debug|iPhoneSimulator.ActiveCfg = Debug|Any CPU
		{EB07AA4C-2D24-4B00-AD4E-02BBDB3FE7A3}.Debug|iPhoneSimulator.Build.0 = Debug|Any CPU
		{EB07AA4C-2D24-4B00-AD4E-02BBDB3FE7A3}.Debug|iPhoneSimulator.Deploy.0 = Debug|Any CPU
		{EB07AA4C-2D24-4B00-AD4E-02BBDB3FE7A3}.Release|Any CPU.ActiveCfg = Release|Any CPU
		{EB07AA4C-2D24-4B00-AD4E-02BBDB3FE7A3}.Release|Any CPU.Build.0 = Release|Any CPU
		{EB07AA4C-2D24-4B00-AD4E-02BBDB3FE7A3}.Release|Any CPU.Deploy.0 = Release|Any CPU
		{EB07AA4C-2D24-4B00-AD4E-02BBDB3FE7A3}.Release|iPhone.ActiveCfg = Release|Any CPU
		{EB07AA4C-2D24-4B00-AD4E-02BBDB3FE7A3}.Release|iPhone.Build.0 = Release|Any CPU
		{EB07AA4C-2D24-4B00-AD4E-02BBDB3FE7A3}.Release|iPhone.Deploy.0 = Release|Any CPU
		{EB07AA4C-2D24-4B00-AD4E-02BBDB3FE7A3}.Release|iPhoneSimulator.ActiveCfg = Release|Any CPU
		{EB07AA4C-2D24-4B00-AD4E-02BBDB3FE7A3}.Release|iPhoneSimulator.Build.0 = Release|Any CPU
		{EB07AA4C-2D24-4B00-AD4E-02BBDB3FE7A3}.Release|iPhoneSimulator.Deploy.0 = Release|Any CPU
		{99955368-0331-488A-B9BB-6B42EA8ADEF1}.Ad-Hoc|Any CPU.ActiveCfg = Ad-Hoc|iPhone
		{99955368-0331-488A-B9BB-6B42EA8ADEF1}.Ad-Hoc|Any CPU.Build.0 = Ad-Hoc|iPhone
		{99955368-0331-488A-B9BB-6B42EA8ADEF1}.Ad-Hoc|Any CPU.Deploy.0 = Ad-Hoc|iPhone
		{99955368-0331-488A-B9BB-6B42EA8ADEF1}.Ad-Hoc|iPhone.ActiveCfg = Ad-Hoc|iPhone
		{99955368-0331-488A-B9BB-6B42EA8ADEF1}.Ad-Hoc|iPhone.Build.0 = Ad-Hoc|iPhone
		{99955368-0331-488A-B9BB-6B42EA8ADEF1}.Ad-Hoc|iPhone.Deploy.0 = Ad-Hoc|iPhone
		{99955368-0331-488A-B9BB-6B42EA8ADEF1}.Ad-Hoc|iPhoneSimulator.ActiveCfg = Ad-Hoc|iPhoneSimulator
		{99955368-0331-488A-B9BB-6B42EA8ADEF1}.Ad-Hoc|iPhoneSimulator.Build.0 = Ad-Hoc|iPhoneSimulator
		{99955368-0331-488A-B9BB-6B42EA8ADEF1}.Ad-Hoc|iPhoneSimulator.Deploy.0 = Ad-Hoc|iPhoneSimulator
		{99955368-0331-488A-B9BB-6B42EA8ADEF1}.AppStore|Any CPU.ActiveCfg = AppStore|iPhone
		{99955368-0331-488A-B9BB-6B42EA8ADEF1}.AppStore|Any CPU.Build.0 = AppStore|iPhone
		{99955368-0331-488A-B9BB-6B42EA8ADEF1}.AppStore|Any CPU.Deploy.0 = AppStore|iPhone
		{99955368-0331-488A-B9BB-6B42EA8ADEF1}.AppStore|iPhone.ActiveCfg = AppStore|iPhone
		{99955368-0331-488A-B9BB-6B42EA8ADEF1}.AppStore|iPhone.Build.0 = AppStore|iPhone
		{99955368-0331-488A-B9BB-6B42EA8ADEF1}.AppStore|iPhone.Deploy.0 = AppStore|iPhone
		{99955368-0331-488A-B9BB-6B42EA8ADEF1}.AppStore|iPhoneSimulator.ActiveCfg = AppStore|iPhoneSimulator
		{99955368-0331-488A-B9BB-6B42EA8ADEF1}.AppStore|iPhoneSimulator.Build.0 = AppStore|iPhoneSimulator
		{99955368-0331-488A-B9BB-6B42EA8ADEF1}.AppStore|iPhoneSimulator.Deploy.0 = AppStore|iPhoneSimulator
		{99955368-0331-488A-B9BB-6B42EA8ADEF1}.Debug|Any CPU.ActiveCfg = Debug|iPhoneSimulator
		{99955368-0331-488A-B9BB-6B42EA8ADEF1}.Debug|Any CPU.Build.0 = Debug|iPhoneSimulator
		{99955368-0331-488A-B9BB-6B42EA8ADEF1}.Debug|Any CPU.Deploy.0 = Debug|iPhoneSimulator
		{99955368-0331-488A-B9BB-6B42EA8ADEF1}.Debug|iPhone.ActiveCfg = Debug|iPhone
		{99955368-0331-488A-B9BB-6B42EA8ADEF1}.Debug|iPhone.Build.0 = Debug|iPhone
		{99955368-0331-488A-B9BB-6B42EA8ADEF1}.Debug|iPhone.Deploy.0 = Debug|iPhone
		{99955368-0331-488A-B9BB-6B42EA8ADEF1}.Debug|iPhoneSimulator.ActiveCfg = Debug|iPhoneSimulator
		{99955368-0331-488A-B9BB-6B42EA8ADEF1}.Debug|iPhoneSimulator.Build.0 = Debug|iPhoneSimulator
		{99955368-0331-488A-B9BB-6B42EA8ADEF1}.Debug|iPhoneSimulator.Deploy.0 = Debug|iPhoneSimulator
		{99955368-0331-488A-B9BB-6B42EA8ADEF1}.Release|Any CPU.ActiveCfg = Release|iPhone
		{99955368-0331-488A-B9BB-6B42EA8ADEF1}.Release|Any CPU.Build.0 = Release|iPhone
		{99955368-0331-488A-B9BB-6B42EA8ADEF1}.Release|Any CPU.Deploy.0 = Release|iPhone
		{99955368-0331-488A-B9BB-6B42EA8ADEF1}.Release|iPhone.ActiveCfg = Release|iPhone
		{99955368-0331-488A-B9BB-6B42EA8ADEF1}.Release|iPhone.Build.0 = Release|iPhone
		{99955368-0331-488A-B9BB-6B42EA8ADEF1}.Release|iPhone.Deploy.0 = Release|iPhone
		{99955368-0331-488A-B9BB-6B42EA8ADEF1}.Release|iPhoneSimulator.ActiveCfg = Release|iPhoneSimulator
		{99955368-0331-488A-B9BB-6B42EA8ADEF1}.Release|iPhoneSimulator.Build.0 = Release|iPhoneSimulator
		{99955368-0331-488A-B9BB-6B42EA8ADEF1}.Release|iPhoneSimulator.Deploy.0 = Release|iPhoneSimulator
		{FF1FA140-DDE9-4828-9795-B76527BC6DDC}.Ad-Hoc|Any CPU.ActiveCfg = Debug|Any CPU
		{FF1FA140-DDE9-4828-9795-B76527BC6DDC}.Ad-Hoc|Any CPU.Build.0 = Debug|Any CPU
		{FF1FA140-DDE9-4828-9795-B76527BC6DDC}.Ad-Hoc|Any CPU.Deploy.0 = Debug|Any CPU
		{FF1FA140-DDE9-4828-9795-B76527BC6DDC}.Ad-Hoc|iPhone.ActiveCfg = Debug|Any CPU
		{FF1FA140-DDE9-4828-9795-B76527BC6DDC}.Ad-Hoc|iPhone.Build.0 = Debug|Any CPU
		{FF1FA140-DDE9-4828-9795-B76527BC6DDC}.Ad-Hoc|iPhone.Deploy.0 = Debug|Any CPU
		{FF1FA140-DDE9-4828-9795-B76527BC6DDC}.Ad-Hoc|iPhoneSimulator.ActiveCfg = Debug|Any CPU
		{FF1FA140-DDE9-4828-9795-B76527BC6DDC}.Ad-Hoc|iPhoneSimulator.Build.0 = Debug|Any CPU
		{FF1FA140-DDE9-4828-9795-B76527BC6DDC}.Ad-Hoc|iPhoneSimulator.Deploy.0 = Debug|Any CPU
		{FF1FA140-DDE9-4828-9795-B76527BC6DDC}.AppStore|Any CPU.ActiveCfg = Debug|Any CPU
		{FF1FA140-DDE9-4828-9795-B76527BC6DDC}.AppStore|Any CPU.Build.0 = Debug|Any CPU
		{FF1FA140-DDE9-4828-9795-B76527BC6DDC}.AppStore|Any CPU.Deploy.0 = Debug|Any CPU
		{FF1FA140-DDE9-4828-9795-B76527BC6DDC}.AppStore|iPhone.ActiveCfg = Debug|Any CPU
		{FF1FA140-DDE9-4828-9795-B76527BC6DDC}.AppStore|iPhone.Build.0 = Debug|Any CPU
		{FF1FA140-DDE9-4828-9795-B76527BC6DDC}.AppStore|iPhone.Deploy.0 = Debug|Any CPU
		{FF1FA140-DDE9-4828-9795-B76527BC6DDC}.AppStore|iPhoneSimulator.ActiveCfg = Debug|Any CPU
		{FF1FA140-DDE9-4828-9795-B76527BC6DDC}.AppStore|iPhoneSimulator.Build.0 = Debug|Any CPU
		{FF1FA140-DDE9-4828-9795-B76527BC6DDC}.AppStore|iPhoneSimulator.Deploy.0 = Debug|Any CPU
		{FF1FA140-DDE9-4828-9795-B76527BC6DDC}.Debug|Any CPU.ActiveCfg = Debug|Any CPU
		{FF1FA140-DDE9-4828-9795-B76527BC6DDC}.Debug|Any CPU.Build.0 = Debug|Any CPU
		{FF1FA140-DDE9-4828-9795-B76527BC6DDC}.Debug|Any CPU.Deploy.0 = Debug|Any CPU
		{FF1FA140-DDE9-4828-9795-B76527BC6DDC}.Debug|iPhone.ActiveCfg = Debug|Any CPU
		{FF1FA140-DDE9-4828-9795-B76527BC6DDC}.Debug|iPhone.Build.0 = Debug|Any CPU
		{FF1FA140-DDE9-4828-9795-B76527BC6DDC}.Debug|iPhone.Deploy.0 = Debug|Any CPU
		{FF1FA140-DDE9-4828-9795-B76527BC6DDC}.Debug|iPhoneSimulator.ActiveCfg = Debug|Any CPU
		{FF1FA140-DDE9-4828-9795-B76527BC6DDC}.Debug|iPhoneSimulator.Build.0 = Debug|Any CPU
		{FF1FA140-DDE9-4828-9795-B76527BC6DDC}.Debug|iPhoneSimulator.Deploy.0 = Debug|Any CPU
		{FF1FA140-DDE9-4828-9795-B76527BC6DDC}.Release|Any CPU.ActiveCfg = Release|Any CPU
		{FF1FA140-DDE9-4828-9795-B76527BC6DDC}.Release|Any CPU.Build.0 = Release|Any CPU
		{FF1FA140-DDE9-4828-9795-B76527BC6DDC}.Release|Any CPU.Deploy.0 = Release|Any CPU
		{FF1FA140-DDE9-4828-9795-B76527BC6DDC}.Release|iPhone.ActiveCfg = Release|Any CPU
		{FF1FA140-DDE9-4828-9795-B76527BC6DDC}.Release|iPhone.Build.0 = Release|Any CPU
		{FF1FA140-DDE9-4828-9795-B76527BC6DDC}.Release|iPhone.Deploy.0 = Release|Any CPU
		{FF1FA140-DDE9-4828-9795-B76527BC6DDC}.Release|iPhoneSimulator.ActiveCfg = Release|Any CPU
		{FF1FA140-DDE9-4828-9795-B76527BC6DDC}.Release|iPhoneSimulator.Build.0 = Release|Any CPU
		{FF1FA140-DDE9-4828-9795-B76527BC6DDC}.Release|iPhoneSimulator.Deploy.0 = Release|Any CPU
	EndGlobalSection
	GlobalSection(SolutionProperties) = preSolution
		HideSolutionNode = FALSE
	EndGlobalSection
	GlobalSection(ExtensibilityGlobals) = postSolution
		SolutionGuid = {32227645-9BFB-4ED3-A5ED-50DBFEC36045}
	EndGlobalSection
EndGlobal
